// !$*UTF8*$!
{
	archiveVersion = 1;
	classes = {
	};
	objectVersion = 46;
	objects = {

/* Begin PBXBuildFile section */
		09DD4B641D56D505009D4ECB /* AppDelegate.swift in Sources */ = {isa = PBXBuildFile; fileRef = 09DD4B631D56D505009D4ECB /* AppDelegate.swift */; };
		09DD4B661D56D505009D4ECB /* ViewController.swift in Sources */ = {isa = PBXBuildFile; fileRef = 09DD4B651D56D505009D4ECB /* ViewController.swift */; };
		09DD4B691D56D505009D4ECB /* Main.storyboard in Resources */ = {isa = PBXBuildFile; fileRef = 09DD4B671D56D505009D4ECB /* Main.storyboard */; };
		09DD4B6B1D56D505009D4ECB /* Assets.xcassets in Resources */ = {isa = PBXBuildFile; fileRef = 09DD4B6A1D56D505009D4ECB /* Assets.xcassets */; };
		09DD4B6E1D56D505009D4ECB /* LaunchScreen.storyboard in Resources */ = {isa = PBXBuildFile; fileRef = 09DD4B6C1D56D505009D4ECB /* LaunchScreen.storyboard */; };
		09DD4B791D56D505009D4ECB /* FadeMessageTests.swift in Sources */ = {isa = PBXBuildFile; fileRef = 09DD4B781D56D505009D4ECB /* FadeMessageTests.swift */; };
		09DD4B851D56D608009D4ECB /* MessageCell.swift in Sources */ = {isa = PBXBuildFile; fileRef = 09DD4B841D56D608009D4ECB /* MessageCell.swift */; };
		09DD4B871D56E156009D4ECB /* emma-watson.jpg in Resources */ = {isa = PBXBuildFile; fileRef = 09DD4B861D56E156009D4ECB /* emma-watson.jpg */; };
/* End PBXBuildFile section */

/* Begin PBXContainerItemProxy section */
		09DD4B751D56D505009D4ECB /* PBXContainerItemProxy */ = {
			isa = PBXContainerItemProxy;
			containerPortal = 09DD4B581D56D505009D4ECB /* Project object */;
			proxyType = 1;
			remoteGlobalIDString = 09DD4B5F1D56D505009D4ECB;
			remoteInfo = FadeMessage;
		};
/* End PBXContainerItemProxy section */

/* Begin PBXFileReference section */
		09DD4B601D56D505009D4ECB /* FadeMessage.app */ = {isa = PBXFileReference; explicitFileType = wrapper.application; includeInIndex = 0; path = FadeMessage.app; sourceTree = BUILT_PRODUCTS_DIR; };
		09DD4B631D56D505009D4ECB /* AppDelegate.swift */ = {isa = PBXFileReference; lastKnownFileType = sourcecode.swift; path = AppDelegate.swift; sourceTree = "<group>"; };
		09DD4B651D56D505009D4ECB /* ViewController.swift */ = {isa = PBXFileReference; lastKnownFileType = sourcecode.swift; path = ViewController.swift; sourceTree = "<group>"; };
		09DD4B681D56D505009D4ECB /* Base */ = {isa = PBXFileReference; lastKnownFileType = file.storyboard; name = Base; path = Base.lproj/Main.storyboard; sourceTree = "<group>"; };
		09DD4B6A1D56D505009D4ECB /* Assets.xcassets */ = {isa = PBXFileReference; lastKnownFileType = folder.assetcatalog; path = Assets.xcassets; sourceTree = "<group>"; };
		09DD4B6D1D56D505009D4ECB /* Base */ = {isa = PBXFileReference; lastKnownFileType = file.storyboard; name = Base; path = Base.lproj/LaunchScreen.storyboard; sourceTree = "<group>"; };
		09DD4B6F1D56D505009D4ECB /* Info.plist */ = {isa = PBXFileReference; lastKnownFileType = text.plist.xml; path = Info.plist; sourceTree = "<group>"; };
		09DD4B741D56D505009D4ECB /* FadeMessageTests.xctest */ = {isa = PBXFileReference; explicitFileType = wrapper.cfbundle; includeInIndex = 0; path = FadeMessageTests.xctest; sourceTree = BUILT_PRODUCTS_DIR; };
		09DD4B781D56D505009D4ECB /* FadeMessageTests.swift */ = {isa = PBXFileReference; lastKnownFileType = sourcecode.swift; path = FadeMessageTests.swift; sourceTree = "<group>"; };
		09DD4B7A1D56D505009D4ECB /* Info.plist */ = {isa = PBXFileReference; lastKnownFileType = text.plist.xml; path = Info.plist; sourceTree = "<group>"; };
		09DD4B841D56D608009D4ECB /* MessageCell.swift */ = {isa = PBXFileReference; fileEncoding = 4; lastKnownFileType = sourcecode.swift; path = MessageCell.swift; sourceTree = "<group>"; };
		09DD4B861D56E156009D4ECB /* emma-watson.jpg */ = {isa = PBXFileReference; lastKnownFileType = image.jpeg; path = "emma-watson.jpg"; sourceTree = "<group>"; };
/* End PBXFileReference section */

/* Begin PBXFrameworksBuildPhase section */
		09DD4B5D1D56D505009D4ECB /* Frameworks */ = {
			isa = PBXFrameworksBuildPhase;
			buildActionMask = 2147483647;
			files = (
			);
			runOnlyForDeploymentPostprocessing = 0;
		};
		09DD4B711D56D505009D4ECB /* Frameworks */ = {
			isa = PBXFrameworksBuildPhase;
			buildActionMask = 2147483647;
			files = (
			);
			runOnlyForDeploymentPostprocessing = 0;
		};
/* End PBXFrameworksBuildPhase section */

/* Begin PBXGroup section */
		09DD4B571D56D505009D4ECB = {
			isa = PBXGroup;
			children = (
				09DD4B621D56D505009D4ECB /* FadeMessage */,
				09DD4B771D56D505009D4ECB /* FadeMessageTests */,
				09DD4B611D56D505009D4ECB /* Products */,
			);
			sourceTree = "<group>";
		};
		09DD4B611D56D505009D4ECB /* Products */ = {
			isa = PBXGroup;
			children = (
				09DD4B601D56D505009D4ECB /* FadeMessage.app */,
				09DD4B741D56D505009D4ECB /* FadeMessageTests.xctest */,
			);
			name = Products;
			sourceTree = "<group>";
		};
		09DD4B621D56D505009D4ECB /* FadeMessage */ = {
			isa = PBXGroup;
			children = (
				09DD4B631D56D505009D4ECB /* AppDelegate.swift */,
				09DD4B651D56D505009D4ECB /* ViewController.swift */,
				09DD4B841D56D608009D4ECB /* MessageCell.swift */,
				09DD4B831D56D50E009D4ECB /* Support Files */,
			);
			path = FadeMessage;
			sourceTree = "<group>";
		};
		09DD4B771D56D505009D4ECB /* FadeMessageTests */ = {
			isa = PBXGroup;
			children = (
				09DD4B781D56D505009D4ECB /* FadeMessageTests.swift */,
				09DD4B7A1D56D505009D4ECB /* Info.plist */,
			);
			path = FadeMessageTests;
			sourceTree = "<group>";
		};
		09DD4B831D56D50E009D4ECB /* Support Files */ = {
			isa = PBXGroup;
			children = (
				09DD4B861D56E156009D4ECB /* emma-watson.jpg */,
				09DD4B671D56D505009D4ECB /* Main.storyboard */,
				09DD4B6A1D56D505009D4ECB /* Assets.xcassets */,
				09DD4B6C1D56D505009D4ECB /* LaunchScreen.storyboard */,
				09DD4B6F1D56D505009D4ECB /* Info.plist */,
			);
			name = "Support Files";
			sourceTree = "<group>";
		};
/* End PBXGroup section */

/* Begin PBXNativeTarget section */
		09DD4B5F1D56D505009D4ECB /* FadeMessage */ = {
			isa = PBXNativeTarget;
			buildConfigurationList = 09DD4B7D1D56D505009D4ECB /* Build configuration list for PBXNativeTarget "FadeMessage" */;
			buildPhases = (
				09DD4B5C1D56D505009D4ECB /* Sources */,
				09DD4B5D1D56D505009D4ECB /* Frameworks */,
				09DD4B5E1D56D505009D4ECB /* Resources */,
			);
			buildRules = (
			);
			dependencies = (
			);
			name = FadeMessage;
			productName = FadeMessage;
			productReference = 09DD4B601D56D505009D4ECB /* FadeMessage.app */;
			productType = "com.apple.product-type.application";
		};
		09DD4B731D56D505009D4ECB /* FadeMessageTests */ = {
			isa = PBXNativeTarget;
			buildConfigurationList = 09DD4B801D56D505009D4ECB /* Build configuration list for PBXNativeTarget "FadeMessageTests" */;
			buildPhases = (
				09DD4B701D56D505009D4ECB /* Sources */,
				09DD4B711D56D505009D4ECB /* Frameworks */,
				09DD4B721D56D505009D4ECB /* Resources */,
			);
			buildRules = (
			);
			dependencies = (
				09DD4B761D56D505009D4ECB /* PBXTargetDependency */,
			);
			name = FadeMessageTests;
			productName = FadeMessageTests;
			productReference = 09DD4B741D56D505009D4ECB /* FadeMessageTests.xctest */;
			productType = "com.apple.product-type.bundle.unit-test";
		};
/* End PBXNativeTarget section */

/* Begin PBXProject section */
		09DD4B581D56D505009D4ECB /* Project object */ = {
			isa = PBXProject;
			attributes = {
				LastSwiftUpdateCheck = 0730;
				LastUpgradeCheck = 0730;
				ORGANIZATIONNAME = saitjr;
				TargetAttributes = {
					09DD4B5F1D56D505009D4ECB = {
						CreatedOnToolsVersion = 7.3.1;
					};
					09DD4B731D56D505009D4ECB = {
						CreatedOnToolsVersion = 7.3.1;
						TestTargetID = 09DD4B5F1D56D505009D4ECB;
					};
				};
			};
			buildConfigurationList = 09DD4B5B1D56D505009D4ECB /* Build configuration list for PBXProject "FadeMessage" */;
			compatibilityVersion = "Xcode 3.2";
			developmentRegion = English;
			hasScannedForEncodings = 0;
			knownRegions = (
				en,
				Base,
			);
			mainGroup = 09DD4B571D56D505009D4ECB;
			productRefGroup = 09DD4B611D56D505009D4ECB /* Products */;
			projectDirPath = "";
			projectRoot = "";
			targets = (
				09DD4B5F1D56D505009D4ECB /* FadeMessage */,
				09DD4B731D56D505009D4ECB /* FadeMessageTests */,
			);
		};
/* End PBXProject section */

/* Begin PBXResourcesBuildPhase section */
		09DD4B5E1D56D505009D4ECB /* Resources */ = {
			isa = PBXResourcesBuildPhase;
			buildActionMask = 2147483647;
			files = (
				09DD4B6E1D56D505009D4ECB /* LaunchScreen.storyboard in Resources */,
				09DD4B6B1D56D505009D4ECB /* Assets.xcassets in Resources */,
				09DD4B691D56D505009D4ECB /* Main.storyboard in Resources */,
				09DD4B871D56E156009D4ECB /* emma-watson.jpg in Resources */,
			);
			runOnlyForDeploymentPostprocessing = 0;
		};
		09DD4B721D56D505009D4ECB /* Resources */ = {
			isa = PBXResourcesBuildPhase;
			buildActionMask = 2147483647;
			files = (
			);
			runOnlyForDeploymentPostprocessing = 0;
		};
/* End PBXResourcesBuildPhase section */

/* Begin PBXSourcesBuildPhase section */
		09DD4B5C1D56D505009D4ECB /* Sources */ = {
			isa = PBXSourcesBuildPhase;
			buildActionMask = 2147483647;
			files = (
				09DD4B661D56D505009D4ECB /* ViewController.swift in Sources */,
				09DD4B641D56D505009D4ECB /* AppDelegate.swift in Sources */,
				09DD4B851D56D608009D4ECB /* MessageCell.swift in Sources */,
			);
			runOnlyForDeploymentPostprocessing = 0;
		};
		09DD4B701D56D505009D4ECB /* Sources */ = {
			isa = PBXSourcesBuildPhase;
			buildActionMask = 2147483647;
			files = (
				09DD4B791D56D505009D4ECB /* FadeMessageTests.swift in Sources */,
			);
			runOnlyForDeploymentPostprocessing = 0;
		};
/* End PBXSourcesBuildPhase section */

/* Begin PBXTargetDependency section */
		09DD4B761D56D505009D4ECB /* PBXTargetDependency */ = {
			isa = PBXTargetDependency;
			target = 09DD4B5F1D56D505009D4ECB /* FadeMessage */;
			targetProxy = 09DD4B751D56D505009D4ECB /* PBXContainerItemProxy */;
		};
/* End PBXTargetDependency section */

/* Begin PBXVariantGroup section */
		09DD4B671D56D505009D4ECB /* Main.storyboard */ = {
			isa = PBXVariantGroup;
			children = (
				09DD4B681D56D505009D4ECB /* Base */,
			);
			name = Main.storyboard;
			sourceTree = "<group>";
		};
		09DD4B6C1D56D505009D4ECB /* LaunchScreen.storyboard */ = {
			isa = PBXVariantGroup;
			children = (
				09DD4B6D1D56D505009D4ECB /* Base */,
			);
			name = LaunchScreen.storyboard;
			sourceTree = "<group>";
		};
/* End PBXVariantGroup section */

/* Begin XCBuildConfiguration section */
		09DD4B7B1D56D505009D4ECB /* Debug */ = {
			isa = XCBuildConfiguration;
			buildSettings = {
				ALWAYS_SEARCH_USER_PATHS = NO;
				CLANG_ANALYZER_NONNULL = YES;
				CLANG_CXX_LANGUAGE_STANDARD = "gnu++0x";
				CLANG_CXX_LIBRARY = "libc++";
				CLANG_ENABLE_MODULES = YES;
				CLANG_ENABLE_OBJC_ARC = YES;
				CLANG_WARN_BOOL_CONVERSION = YES;
				CLANG_WARN_CONSTANT_CONVERSION = YES;
				CLANG_WARN_DIRECT_OBJC_ISA_USAGE = YES_ERROR;
				CLANG_WARN_EMPTY_BODY = YES;
				CLANG_WARN_ENUM_CONVERSION = YES;
				CLANG_WARN_INT_CONVERSION = YES;
				CLANG_WARN_OBJC_ROOT_CLASS = YES_ERROR;
				CLANG_WARN_UNREACHABLE_CODE = YES;
				CLANG_WARN__DUPLICATE_METHOD_MATCH = YES;
				"CODE_SIGN_IDENTITY[sdk=iphoneos*]" = "iPhone Developer";
				COPY_PHASE_STRIP = NO;
				DEBUG_INFORMATION_FORMAT = dwarf;
				ENABLE_STRICT_OBJC_MSGSEND = YES;
				ENABLE_TESTABILITY = YES;
				GCC_C_LANGUAGE_STANDARD = gnu99;
				GCC_DYNAMIC_NO_PIC = NO;
				GCC_NO_COMMON_BLOCKS = YES;
				GCC_OPTIMIZATION_LEVEL = 0;
				GCC_PREPROCESSOR_DEFINITIONS = (
					"DEBUG=1",
					"$(inherited)",
				);
				GCC_WARN_64_TO_32_BIT_CONVERSION = YES;
				GCC_WARN_ABOUT_RETURN_TYPE = YES_ERROR;
				GCC_WARN_UNDECLARED_SELECTOR = YES;
				GCC_WARN_UNINITIALIZED_AUTOS = YES_AGGRESSIVE;
				GCC_WARN_UNUSED_FUNCTION = YES;
				GCC_WARN_UNUSED_VARIABLE = YES;
				IPHONEOS_DEPLOYMENT_TARGET = 9.3;
				MTL_ENABLE_DEBUG_INFO = YES;
				ONLY_ACTIVE_ARCH = YES;
				SDKROOT = iphoneos;
				SWIFT_OPTIMIZATION_LEVEL = "-Onone";
			};
			name = Debug;
		};
		09DD4B7C1D56D505009D4ECB /* Release */ = {
			isa = XCBuildConfiguration;
			buildSettings = {
				ALWAYS_SEARCH_USER_PATHS = NO;
				CLANG_ANALYZER_NONNULL = YES;
				CLANG_CXX_LANGUAGE_STANDARD = "gnu++0x";
				CLANG_CXX_LIBRARY = "libc++";
				CLANG_ENABLE_MODULES = YES;
				CLANG_ENABLE_OBJC_ARC = YES;
				CLANG_WARN_BOOL_CONVERSION = YES;
				CLANG_WARN_CONSTANT_CONVERSION = YES;
				CLANG_WARN_DIRECT_OBJC_ISA_USAGE = YES_ERROR;
				CLANG_WARN_EMPTY_BODY = YES;
				CLANG_WARN_ENUM_CONVERSION = YES;
				CLANG_WARN_INT_CONVERSION = YES;
				CLANG_WARN_OBJC_ROOT_CLASS = YES_ERROR;
				CLANG_WARN_UNREACHABLE_CODE = YES;
				CLANG_WARN__DUPLICATE_METHOD_MATCH = YES;
				"CODE_SIGN_IDENTITY[sdk=iphoneos*]" = "iPhone Developer";
				COPY_PHASE_STRIP = NO;
				DEBUG_INFORMATION_FORMAT = "dwarf-with-dsym";
				ENABLE_NS_ASSERTIONS = NO;
				ENABLE_STRICT_OBJC_MSGSEND = YES;
				GCC_C_LANGUAGE_STANDARD = gnu99;
				GCC_NO_COMMON_BLOCKS = YES;
				GCC_WARN_64_TO_32_BIT_CONVERSION = YES;
				GCC_WARN_ABOUT_RETURN_TYPE = YES_ERROR;
				GCC_WARN_UNDECLARED_SELECTOR = YES;
				GCC_WARN_UNINITIALIZED_AUTOS = YES_AGGRESSIVE;
				GCC_WARN_UNUSED_FUNCTION = YES;
				GCC_WARN_UNUSED_VARIABLE = YES;
				IPHONEOS_DEPLOYMENT_TARGET = 9.3;
				MTL_ENABLE_DEBUG_INFO = NO;
				SDKROOT = iphoneos;
				VALIDATE_PRODUCT = YES;
			};
			name = Release;
		};
		09DD4B7E1D56D505009D4ECB /* Debug */ = {
			isa = XCBuildConfiguration;
			buildSettings = {
				ASSETCATALOG_COMPILER_APPICON_NAME = AppIcon;
				INFOPLIST_FILE = FadeMessage/Info.plist;
				LD_RUNPATH_SEARCH_PATHS = "$(inherited) @executable_path/Frameworks";
				PRODUCT_BUNDLE_IDENTIFIER = com.saitjr.FadeMessage;
				PRODUCT_NAME = "$(TARGET_NAME)";
			};
			name = Debug;
		};
		09DD4B7F1D56D505009D4ECB /* Release */ = {
			isa = XCBuildConfiguration;
			buildSettings = {
				ASSETCATALOG_COMPILER_APPICON_NAME = AppIcon;
				INFOPLIST_FILE = FadeMessage/Info.plist;
				LD_RUNPATH_SEARCH_PATHS = "$(inherited) @executable_path/Frameworks";
				PRODUCT_BUNDLE_IDENTIFIER = com.saitjr.FadeMessage;
				PRODUCT_NAME = "$(TARGET_NAME)";
			};
			name = Release;
		};
		09DD4B811D56D505009D4ECB /* Debug */ = {
			isa = XCBuildConfiguration;
			buildSettings = {
				BUNDLE_LOADER = "$(TEST_HOST)";
				INFOPLIST_FILE = FadeMessageTests/Info.plist;
				LD_RUNPATH_SEARCH_PATHS = "$(inherited) @executable_path/Frameworks @loader_path/Frameworks";
				PRODUCT_BUNDLE_IDENTIFIER = com.saitjr.FadeMessageTests;
				PRODUCT_NAME = "$(TARGET_NAME)";
				TEST_HOST = "$(BUILT_PRODUCTS_DIR)/FadeMessage.app/FadeMessage";
			};
			name = Debug;
		};
		09DD4B821D56D505009D4ECB /* Release */ = {
			isa = XCBuildConfiguration;
			buildSettings = {
				BUNDLE_LOADER = "$(TEST_HOST)";
				INFOPLIST_FILE = FadeMessageTests/Info.plist;
				LD_RUNPATH_SEARCH_PATHS = "$(inherited) @executable_path/Frameworks @loader_path/Frameworks";
				PRODUCT_BUNDLE_IDENTIFIER = com.saitjr.FadeMessageTests;
				PRODUCT_NAME = "$(TARGET_NAME)";
				TEST_HOST = "$(BUILT_PRODUCTS_DIR)/FadeMessage.app/FadeMessage";
			};
			name = Release;
		};
/* End XCBuildConfiguration section */

/* Begin XCConfigurationList section */
		09DD4B5B1D56D505009D4ECB /* Build configuration list for PBXProject "FadeMessage" */ = {
			isa = XCConfigurationList;
			buildConfigurations = (
				09DD4B7B1D56D505009D4ECB /* Debug */,
				09DD4B7C1D56D505009D4ECB /* Release */,
			);
			defaultConfigurationIsVisible = 0;
			defaultConfigurationName = Release;
		};
		09DD4B7D1D56D505009D4ECB /* Build configuration list for PBXNativeTarget "FadeMessage" */ = {
			isa = XCConfigurationList;
			buildConfigurations = (
				09DD4B7E1D56D505009D4ECB /* Debug */,
				09DD4B7F1D56D505009D4ECB /* Release */,
			);
			defaultConfigurationIsVisible = 0;
		};
		09DD4B801D56D505009D4ECB /* Build configuration list for PBXNativeTarget "FadeMessageTests" */ = {
			isa = XCConfigurationList;
			buildConfigurations = (
				09DD4B811D56D505009D4ECB /* Debug */,
				09DD4B821D56D505009D4ECB /* Release */,
			);
			defaultConfigurationIsVisible = 0;
		};
/* End XCConfigurationList section */
	};
	rootObject = 09DD4B581D56D505009D4ECB /* Project object */;
}
